
Microsoft Visual Studio Solution File, Format Version 12.00
# Visual Studio Version 16
VisualStudioVersion = 16.0.29424.173
MinimumVisualStudioVersion = 10.0.40219.1
Project("{FAE04EC0-301F-11D3-BF4B-00C04F79EFBC}") = "Multiples_Of_3_And_5", "Multiples_Of_3_And_5\Multiples_Of_3_And_5.csproj", "{6E5DFF35-1248-44BA-83CE-1F70BDCCE23A}"
EndProject
Global
	GlobalSection(SolutionConfigurationPlatforms) = preSolution
		Debug|Any CPU = Debug|Any CPU
		Release|Any CPU = Release|Any CPU
	EndGlobalSection
	GlobalSection(ProjectConfigurationPlatforms) = postSolution
		{6E5DFF35-1248-44BA-83CE-1F70BDCCE23A}.Debug|Any CPU.ActiveCfg = Debug|Any CPU
		{6E5DFF35-1248-44BA-83CE-1F70BDCCE23A}.Debug|Any CPU.Build.0 = Debug|Any CPU
		{6E5DFF35-1248-44BA-83CE-1F70BDCCE23A}.Release|Any CPU.ActiveCfg = Release|Any CPU
		{6E5DFF35-1248-44BA-83CE-1F70BDCCE23A}.Release|Any CPU.Build.0 = Release|Any CPU
	EndGlobalSection
	GlobalSection(SolutionProperties) = preSolution
		HideSolutionNode = FALSE
	EndGlobalSection
	GlobalSection(ExtensibilityGlobals) = postSolution
		SolutionGuid = {442D7B0F-0C2A-4188-93A3-489BC92E0AF3}
	EndGlobalSection
EndGlobal
